{
  "name": "upandaway",
  "lockfileVersion": 2,
  "requires": true,
  "packages": {
    "": {
      "dependencies": {
        "@syncfusion/ej2-react-dropdowns": "^20.1.61"
      }
    },
    "node_modules/@syncfusion/ej2-base": {
      "version": "20.1.61",
      "resolved": "https://registry.npmjs.org/@syncfusion/ej2-base/-/ej2-base-20.1.61.tgz",
      "integrity": "sha512-NBSAZ+To+mH0QjmVMXMvqoWRsXb1JYIzTW8fM3yF/D9bIUYJ19Xlz60GeCY4sJk6n8GzWj/xrLmDdh76P64ukQ==",
      "dependencies": {
        "@syncfusion/ej2-icons": "~20.1.55"
      }
    },
    "node_modules/@syncfusion/ej2-buttons": {
      "version": "20.1.61",
      "resolved": "https://registry.npmjs.org/@syncfusion/ej2-buttons/-/ej2-buttons-20.1.61.tgz",
      "integrity": "sha512-BDscHYpZms4rgjWQ/DiLVONKzdSwuPN/FLtdRjm/d2HRFEYW+pDxaNf1s4ZE80cU9tOiXZF5Qfmk0sVdf+/yyQ==",
      "dependencies": {
        "@syncfusion/ej2-base": "~20.1.61"
      }
    },
    "node_modules/@syncfusion/ej2-data": {
      "version": "20.1.55",
      "resolved": "https://registry.npmjs.org/@syncfusion/ej2-data/-/ej2-data-20.1.55.tgz",
      "integrity": "sha512-iPFnJOjXlOHTP6EV1Qlk4XSympesryDjOMTIB6uYtuUVrHJM87Zk1Wgat7LPyYSB8olVbmPfnDHgCPEOJ8O5vw==",
      "dependencies": {
        "@syncfusion/ej2-base": "~20.1.55"
      }
    },
    "node_modules/@syncfusion/ej2-dropdowns": {
      "version": "20.1.61",
      "resolved": "https://registry.npmjs.org/@syncfusion/ej2-dropdowns/-/ej2-dropdowns-20.1.61.tgz",
      "integrity": "sha512-Du1ckj8bgamV9gDF6v6uJ4SJjynnx5U5hNlxz5XIrRqtUrkyenmX6PvZrp6xAyG7ClN6T4vrl7SGa2hZXpqMHg==",
      "dependencies": {
        "@syncfusion/ej2-base": "~20.1.61",
        "@syncfusion/ej2-data": "~20.1.55",
        "@syncfusion/ej2-inputs": "~20.1.61",
        "@syncfusion/ej2-lists": "~20.1.55",
        "@syncfusion/ej2-navigations": "~20.1.61",
        "@syncfusion/ej2-popups": "~20.1.58"
      }
    },
    "node_modules/@syncfusion/ej2-icons": {
      "version": "20.1.55",
      "resolved": "https://registry.npmjs.org/@syncfusion/ej2-icons/-/ej2-icons-20.1.55.tgz",
      "integrity": "sha512-+0KxvnfK1SIXHpfXoh5I0Boa73FyWn53oaJgD+UmR5Qnbd2xt2g/mRXvpsegDd+Y3fcJPAwcncHDfzeXG3Xb7w=="
    },
    "node_modules/@syncfusion/ej2-inputs": {
      "version": "20.1.61",
      "resolved": "https://registry.npmjs.org/@syncfusion/ej2-inputs/-/ej2-inputs-20.1.61.tgz",
      "integrity": "sha512-5M0i9sqMs+oN4L5RbyL+woB9CTClyoLSmBSoPFLZMq26One+iUDQxpM7FYZLctFxjBXO7alNAOJ5b9MLRrmo+g==",
      "dependencies": {
        "@syncfusion/ej2-base": "~20.1.61",
        "@syncfusion/ej2-buttons": "~20.1.61",
        "@syncfusion/ej2-popups": "~20.1.58",
        "@syncfusion/ej2-splitbuttons": "~20.1.57"
      }
    },
    "node_modules/@syncfusion/ej2-lists": {
      "version": "20.1.55",
      "resolved": "https://registry.npmjs.org/@syncfusion/ej2-lists/-/ej2-lists-20.1.55.tgz",
      "integrity": "sha512-0GT1GxuZygn0LFfm8XHwzcpxHA3oq6bsoZDMFLMSVLaFTEPN30Cx1VMwNWSDoEHk80D2M8xxAFWB9TOjYeuLFA==",
      "dependencies": {
        "@syncfusion/ej2-base": "~20.1.55",
        "@syncfusion/ej2-buttons": "~20.1.55",
        "@syncfusion/ej2-data": "~20.1.55"
      }
    },
    "node_modules/@syncfusion/ej2-navigations": {
      "version": "20.1.61",
      "resolved": "https://registry.npmjs.org/@syncfusion/ej2-navigations/-/ej2-navigations-20.1.61.tgz",
      "integrity": "sha512-mG1IQEIsYRACcOm3zX8742tChQE6pQRXyTz2utrHbThomgrzLu6BY8OW0GMt+hIbGTrv1xLTFZVC5nW0NQUP4Q==",
      "dependencies": {
        "@syncfusion/ej2-base": "~20.1.61",
        "@syncfusion/ej2-buttons": "~20.1.61",
        "@syncfusion/ej2-data": "~20.1.55",
        "@syncfusion/ej2-inputs": "~20.1.61",
        "@syncfusion/ej2-lists": "~20.1.55",
        "@syncfusion/ej2-popups": "~20.1.58"
      }
    },
    "node_modules/@syncfusion/ej2-popups": {
      "version": "20.1.58",
      "resolved": "https://registry.npmjs.org/@syncfusion/ej2-popups/-/ej2-popups-20.1.58.tgz",
      "integrity": "sha512-cgh97wbBwO3pN7J7gV5jvWaXQLebDqIp+xIhPkb41H20pYujuaxarXorMq188e8sQ/8EOzM8eSPtWsDVhDab7w==",
      "dependencies": {
        "@syncfusion/ej2-base": "~20.1.57",
        "@syncfusion/ej2-buttons": "~20.1.55"
      }
    },
    "node_modules/@syncfusion/ej2-react-base": {
      "version": "20.1.59",
      "resolved": "https://registry.npmjs.org/@syncfusion/ej2-react-base/-/ej2-react-base-20.1.59.tgz",
      "integrity": "sha512-+I8JULUHo814b5ftjrffA5xaaiH1dquZcKrWWzFtAGyRqpKMIPq3NlosDBgz2wemKjbw8klXUDjmEzgQyG/pUg==",
      "dependencies": {
        "@syncfusion/ej2-base": "~20.1.57"
      }
    },
    "node_modules/@syncfusion/ej2-react-dropdowns": {
      "version": "20.1.61",
      "resolved": "https://registry.npmjs.org/@syncfusion/ej2-react-dropdowns/-/ej2-react-dropdowns-20.1.61.tgz",
      "integrity": "sha512-7DhwYsOqkNCB3bgzazCTg15eOLySW8bID2mB3Dy5Cdz+zUPGOaBNZSqRdWlEQs8nfF777LRlEcRwziVz3FvCjA==",
      "dependencies": {
        "@syncfusion/ej2-base": "~20.1.61",
        "@syncfusion/ej2-dropdowns": "20.1.61",
        "@syncfusion/ej2-react-base": "~20.1.59"
      }
    },
    "node_modules/@syncfusion/ej2-splitbuttons": {
      "version": "20.1.57",
      "resolved": "https://registry.npmjs.org/@syncfusion/ej2-splitbuttons/-/ej2-splitbuttons-20.1.57.tgz",
      "integrity": "sha512-C4Rm2oQuGELh34cHsAxgKvACF0skS+T1h8Gx/fyGNoG6p+MKX5sg8/A1cr1suNPfgpzcf6QzUmYPqRgqQVYvLA==",
      "dependencies": {
        "@syncfusion/ej2-base": "~20.1.56",
        "@syncfusion/ej2-popups": "~20.1.57"
      }
    }
  },
  "dependencies": {
    "@syncfusion/ej2-base": {
      "version": "20.1.61",
      "resolved": "https://registry.npmjs.org/@syncfusion/ej2-base/-/ej2-base-20.1.61.tgz",
      "integrity": "sha512-NBSAZ+To+mH0QjmVMXMvqoWRsXb1JYIzTW8fM3yF/D9bIUYJ19Xlz60GeCY4sJk6n8GzWj/xrLmDdh76P64ukQ==",
      "requires": {
        "@syncfusion/ej2-icons": "~20.1.55"
      }
    },
    "@syncfusion/ej2-buttons": {
      "version": "20.1.61",
      "resolved": "https://registry.npmjs.org/@syncfusion/ej2-buttons/-/ej2-buttons-20.1.61.tgz",
      "integrity": "sha512-BDscHYpZms4rgjWQ/DiLVONKzdSwuPN/FLtdRjm/d2HRFEYW+pDxaNf1s4ZE80cU9tOiXZF5Qfmk0sVdf+/yyQ==",
      "requires": {
        "@syncfusion/ej2-base": "~20.1.61"
      }
    },
    "@syncfusion/ej2-data": {
      "version": "20.1.55",
      "resolved": "https://registry.npmjs.org/@syncfusion/ej2-data/-/ej2-data-20.1.55.tgz",
      "integrity": "sha512-iPFnJOjXlOHTP6EV1Qlk4XSympesryDjOMTIB6uYtuUVrHJM87Zk1Wgat7LPyYSB8olVbmPfnDHgCPEOJ8O5vw==",
      "requires": {
        "@syncfusion/ej2-base": "~20.1.55"
      }
    },
    "@syncfusion/ej2-dropdowns": {
      "version": "20.1.61",
      "resolved": "https://registry.npmjs.org/@syncfusion/ej2-dropdowns/-/ej2-dropdowns-20.1.61.tgz",
      "integrity": "sha512-Du1ckj8bgamV9gDF6v6uJ4SJjynnx5U5hNlxz5XIrRqtUrkyenmX6PvZrp6xAyG7ClN6T4vrl7SGa2hZXpqMHg==",
      "requires": {
        "@syncfusion/ej2-base": "~20.1.61",
        "@syncfusion/ej2-data": "~20.1.55",
        "@syncfusion/ej2-inputs": "~20.1.61",
        "@syncfusion/ej2-lists": "~20.1.55",
        "@syncfusion/ej2-navigations": "~20.1.61",
        "@syncfusion/ej2-popups": "~20.1.58"
      }
    },
    "@syncfusion/ej2-icons": {
      "version": "20.1.55",
      "resolved": "https://registry.npmjs.org/@syncfusion/ej2-icons/-/ej2-icons-20.1.55.tgz",
      "integrity": "sha512-+0KxvnfK1SIXHpfXoh5I0Boa73FyWn53oaJgD+UmR5Qnbd2xt2g/mRXvpsegDd+Y3fcJPAwcncHDfzeXG3Xb7w=="
    },
    "@syncfusion/ej2-inputs": {
      "version": "20.1.61",
      "resolved": "https://registry.npmjs.org/@syncfusion/ej2-inputs/-/ej2-inputs-20.1.61.tgz",
      "integrity": "sha512-5M0i9sqMs+oN4L5RbyL+woB9CTClyoLSmBSoPFLZMq26One+iUDQxpM7FYZLctFxjBXO7alNAOJ5b9MLRrmo+g==",
      "requires": {
        "@syncfusion/ej2-base": "~20.1.61",
        "@syncfusion/ej2-buttons": "~20.1.61",
        "@syncfusion/ej2-popups": "~20.1.58",
        "@syncfusion/ej2-splitbuttons": "~20.1.57"
      }
    },
    "@syncfusion/ej2-lists": {
      "version": "20.1.55",
      "resolved": "https://registry.npmjs.org/@syncfusion/ej2-lists/-/ej2-lists-20.1.55.tgz",
      "integrity": "sha512-0GT1GxuZygn0LFfm8XHwzcpxHA3oq6bsoZDMFLMSVLaFTEPN30Cx1VMwNWSDoEHk80D2M8xxAFWB9TOjYeuLFA==",
      "requires": {
        "@syncfusion/ej2-base": "~20.1.55",
        "@syncfusion/ej2-buttons": "~20.1.55",
        "@syncfusion/ej2-data": "~20.1.55"
      }
    },
    "@syncfusion/ej2-navigations": {
      "version": "20.1.61",
      "resolved": "https://registry.npmjs.org/@syncfusion/ej2-navigations/-/ej2-navigations-20.1.61.tgz",
      "integrity": "sha512-mG1IQEIsYRACcOm3zX8742tChQE6pQRXyTz2utrHbThomgrzLu6BY8OW0GMt+hIbGTrv1xLTFZVC5nW0NQUP4Q==",
      "requires": {
        "@syncfusion/ej2-base": "~20.1.61",
        "@syncfusion/ej2-buttons": "~20.1.61",
        "@syncfusion/ej2-data": "~20.1.55",
        "@syncfusion/ej2-inputs": "~20.1.61",
        "@syncfusion/ej2-lists": "~20.1.55",
        "@syncfusion/ej2-popups": "~20.1.58"
      }
    },
    "@syncfusion/ej2-popups": {
      "version": "20.1.58",
      "resolved": "https://registry.npmjs.org/@syncfusion/ej2-popups/-/ej2-popups-20.1.58.tgz",
      "integrity": "sha512-cgh97wbBwO3pN7J7gV5jvWaXQLebDqIp+xIhPkb41H20pYujuaxarXorMq188e8sQ/8EOzM8eSPtWsDVhDab7w==",
      "requires": {
        "@syncfusion/ej2-base": "~20.1.57",
        "@syncfusion/ej2-buttons": "~20.1.55"
      }
    },
    "@syncfusion/ej2-react-base": {
      "version": "20.1.59",
      "resolved": "https://registry.npmjs.org/@syncfusion/ej2-react-base/-/ej2-react-base-20.1.59.tgz",
      "integrity": "sha512-+I8JULUHo814b5ftjrffA5xaaiH1dquZcKrWWzFtAGyRqpKMIPq3NlosDBgz2wemKjbw8klXUDjmEzgQyG/pUg==",
      "requires": {
        "@syncfusion/ej2-base": "~20.1.57"
      }
    },
    "@syncfusion/ej2-react-dropdowns": {
      "version": "20.1.61",
      "resolved": "https://registry.npmjs.org/@syncfusion/ej2-react-dropdowns/-/ej2-react-dropdowns-20.1.61.tgz",
      "integrity": "sha512-7DhwYsOqkNCB3bgzazCTg15eOLySW8bID2mB3Dy5Cdz+zUPGOaBNZSqRdWlEQs8nfF777LRlEcRwziVz3FvCjA==",
      "requires": {
        "@syncfusion/ej2-base": "~20.1.61",
        "@syncfusion/ej2-dropdowns": "20.1.61",
        "@syncfusion/ej2-react-base": "~20.1.59"
      }
    },
    "@syncfusion/ej2-splitbuttons": {
      "version": "20.1.57",
      "resolved": "https://registry.npmjs.org/@syncfusion/ej2-splitbuttons/-/ej2-splitbuttons-20.1.57.tgz",
      "integrity": "sha512-C4Rm2oQuGELh34cHsAxgKvACF0skS+T1h8Gx/fyGNoG6p+MKX5sg8/A1cr1suNPfgpzcf6QzUmYPqRgqQVYvLA==",
      "requires": {
        "@syncfusion/ej2-base": "~20.1.56",
        "@syncfusion/ej2-popups": "~20.1.57"
      }
    }
  }
}
